// !$*UTF8*$!
{
	archiveVersion = 1;
	classes = {
	};
	objectVersion = 45;
	objects = {

/* Begin PBXBuildFile section */
		1D3623260D0F684500981E51 /* FilesystemExplorerAppDelegate.m in Sources */ = {isa = PBXBuildFile; fileRef = 1D3623250D0F684500981E51 /* FilesystemExplorerAppDelegate.m */; };
		1D60589B0D05DD56006BFB54 /* main.m in Sources */ = {isa = PBXBuildFile; fileRef = 29B97316FDCFA39411CA2CEA /* main.m */; };
		1D60589F0D05DD5A006BFB54 /* Foundation.framework in Frameworks */ = {isa = PBXBuildFile; fileRef = 1D30AB110D05D00D00671497 /* Foundation.framework */; };
		1DF5F4E00D08C38300B7A737 /* UIKit.framework in Frameworks */ = {isa = PBXBuildFile; fileRef = 1DF5F4DF0D08C38300B7A737 /* UIKit.framework */; };
		2892E4100DC94CBA00A64D0F /* CoreGraphics.framework in Frameworks */ = {isa = PBXBuildFile; fileRef = 2892E40F0DC94CBA00A64D0F /* CoreGraphics.framework */; };
		2899E5600DE3E45000AC0155 /* DirectoryViewController.xib in Resources */ = {isa = PBXBuildFile; fileRef = 2899E55F0DE3E45000AC0155 /* DirectoryViewController.xib */; };
		28AD73600D9D9599002E5188 /* MainWindow.xib in Resources */ = {isa = PBXBuildFile; fileRef = 28AD735F0D9D9599002E5188 /* MainWindow.xib */; };
		28C286E10D94DF7D0034E888 /* DirectoryViewController.m in Sources */ = {isa = PBXBuildFile; fileRef = 28C286E00D94DF7D0034E888 /* DirectoryViewController.m */; };
		86307E790FA2837700617530 /* FileUtils.m in Sources */ = {isa = PBXBuildFile; fileRef = 86307E780FA2837700617530 /* FileUtils.m */; };
		86307E7D0FA2869000617530 /* FileOverviewViewController.m in Sources */ = {isa = PBXBuildFile; fileRef = 86307E7C0FA2869000617530 /* FileOverviewViewController.m */; };
		86307E7F0FA2884900617530 /* FileOverviewView.xib in Resources */ = {isa = PBXBuildFile; fileRef = 86307E7E0FA2884900617530 /* FileOverviewView.xib */; };
		86307E840FA28C0600617530 /* FileContentsViewController.m in Sources */ = {isa = PBXBuildFile; fileRef = 86307E830FA28C0600617530 /* FileContentsViewController.m */; };
		86307E880FA28CDA00617530 /* FileContentsView.xib in Resources */ = {isa = PBXBuildFile; fileRef = 86307E870FA28CDA00617530 /* FileContentsView.xib */; };
		86307FC90FA29C5E00617530 /* CreateDirectoryViewController.m in Sources */ = {isa = PBXBuildFile; fileRef = 86307FC80FA29C5E00617530 /* CreateDirectoryViewController.m */; };
		86D88A280FA353AF00490CE7 /* CreateDirectoryView.xib in Resources */ = {isa = PBXBuildFile; fileRef = 86D88A270FA353AF00490CE7 /* CreateDirectoryView.xib */; };
		86D88B140FA35D6100490CE7 /* UIUtils.m in Sources */ = {isa = PBXBuildFile; fileRef = 86D88B130FA35D6100490CE7 /* UIUtils.m */; };
/* End PBXBuildFile section */

/* Begin PBXFileReference section */
		1D30AB110D05D00D00671497 /* Foundation.framework */ = {isa = PBXFileReference; lastKnownFileType = wrapper.framework; name = Foundation.framework; path = System/Library/Frameworks/Foundation.framework; sourceTree = SDKROOT; };
		1D3623240D0F684500981E51 /* FilesystemExplorerAppDelegate.h */ = {isa = PBXFileReference; fileEncoding = 4; lastKnownFileType = sourcecode.c.h; path = FilesystemExplorerAppDelegate.h; sourceTree = "<group>"; };
		1D3623250D0F684500981E51 /* FilesystemExplorerAppDelegate.m */ = {isa = PBXFileReference; fileEncoding = 4; lastKnownFileType = sourcecode.c.objc; path = FilesystemExplorerAppDelegate.m; sourceTree = "<group>"; };
		1D6058910D05DD3D006BFB54 /* FilesystemExplorer.app */ = {isa = PBXFileReference; explicitFileType = wrapper.application; includeInIndex = 0; path = FilesystemExplorer.app; sourceTree = BUILT_PRODUCTS_DIR; };
		1DF5F4DF0D08C38300B7A737 /* UIKit.framework */ = {isa = PBXFileReference; lastKnownFileType = wrapper.framework; name = UIKit.framework; path = System/Library/Frameworks/UIKit.framework; sourceTree = SDKROOT; };
		2892E40F0DC94CBA00A64D0F /* CoreGraphics.framework */ = {isa = PBXFileReference; lastKnownFileType = wrapper.framework; name = CoreGraphics.framework; path = System/Library/Frameworks/CoreGraphics.framework; sourceTree = SDKROOT; };
		2899E55F0DE3E45000AC0155 /* DirectoryViewController.xib */ = {isa = PBXFileReference; lastKnownFileType = file.xib; path = DirectoryViewController.xib; sourceTree = "<group>"; };
		28A0AAE50D9B0CCF005BE974 /* FilesystemExplorer_Prefix.pch */ = {isa = PBXFileReference; fileEncoding = 4; lastKnownFileType = sourcecode.c.h; path = FilesystemExplorer_Prefix.pch; sourceTree = "<group>"; };
		28AD735F0D9D9599002E5188 /* MainWindow.xib */ = {isa = PBXFileReference; lastKnownFileType = file.xib; path = MainWindow.xib; sourceTree = "<group>"; };
		28C286DF0D94DF7D0034E888 /* DirectoryViewController.h */ = {isa = PBXFileReference; fileEncoding = 4; lastKnownFileType = sourcecode.c.h; path = DirectoryViewController.h; sourceTree = "<group>"; };
		28C286E00D94DF7D0034E888 /* DirectoryViewController.m */ = {isa = PBXFileReference; fileEncoding = 4; lastKnownFileType = sourcecode.c.objc; path = DirectoryViewController.m; sourceTree = "<group>"; };
		29B97316FDCFA39411CA2CEA /* main.m */ = {isa = PBXFileReference; fileEncoding = 4; lastKnownFileType = sourcecode.c.objc; path = main.m; sourceTree = "<group>"; };
		86307E770FA2837700617530 /* FileUtils.h */ = {isa = PBXFileReference; fileEncoding = 4; lastKnownFileType = sourcecode.c.h; path = FileUtils.h; sourceTree = "<group>"; };
		86307E780FA2837700617530 /* FileUtils.m */ = {isa = PBXFileReference; fileEncoding = 4; lastKnownFileType = sourcecode.c.objc; path = FileUtils.m; sourceTree = "<group>"; };
		86307E7B0FA2869000617530 /* FileOverviewViewController.h */ = {isa = PBXFileReference; fileEncoding = 4; lastKnownFileType = sourcecode.c.h; path = FileOverviewViewController.h; sourceTree = "<group>"; };
		86307E7C0FA2869000617530 /* FileOverviewViewController.m */ = {isa = PBXFileReference; fileEncoding = 4; lastKnownFileType = sourcecode.c.objc; path = FileOverviewViewController.m; sourceTree = "<group>"; };
		86307E7E0FA2884900617530 /* FileOverviewView.xib */ = {isa = PBXFileReference; lastKnownFileType = file.xib; path = FileOverviewView.xib; sourceTree = "<group>"; };
		86307E820FA28C0600617530 /* FileContentsViewController.h */ = {isa = PBXFileReference; fileEncoding = 4; lastKnownFileType = sourcecode.c.h; path = FileContentsViewController.h; sourceTree = "<group>"; };
		86307E830FA28C0600617530 /* FileContentsViewController.m */ = {isa = PBXFileReference; fileEncoding = 4; lastKnownFileType = sourcecode.c.objc; path = FileContentsViewController.m; sourceTree = "<group>"; };
		86307E870FA28CDA00617530 /* FileContentsView.xib */ = {isa = PBXFileReference; lastKnownFileType = file.xib; path = FileContentsView.xib; sourceTree = "<group>"; };
		86307FC70FA29C5E00617530 /* CreateDirectoryViewController.h */ = {isa = PBXFileReference; fileEncoding = 4; lastKnownFileType = sourcecode.c.h; path = CreateDirectoryViewController.h; sourceTree = "<group>"; };
		86307FC80FA29C5E00617530 /* CreateDirectoryViewController.m */ = {isa = PBXFileReference; fileEncoding = 4; lastKnownFileType = sourcecode.c.objc; path = CreateDirectoryViewController.m; sourceTree = "<group>"; };
		86D88A270FA353AF00490CE7 /* CreateDirectoryView.xib */ = {isa = PBXFileReference; lastKnownFileType = file.xib; path = CreateDirectoryView.xib; sourceTree = "<group>"; };
		86D88B120FA35D6100490CE7 /* UIUtils.h */ = {isa = PBXFileReference; fileEncoding = 4; lastKnownFileType = sourcecode.c.h; path = UIUtils.h; sourceTree = "<group>"; };
		86D88B130FA35D6100490CE7 /* UIUtils.m */ = {isa = PBXFileReference; fileEncoding = 4; lastKnownFileType = sourcecode.c.objc; path = UIUtils.m; sourceTree = "<group>"; };
		8D1107310486CEB800E47090 /* Info.plist */ = {isa = PBXFileReference; fileEncoding = 4; lastKnownFileType = text.plist.xml; path = Info.plist; sourceTree = "<group>"; };
/* End PBXFileReference section */

/* Begin PBXFrameworksBuildPhase section */
		1D60588F0D05DD3D006BFB54 /* Frameworks */ = {
			isa = PBXFrameworksBuildPhase;
			buildActionMask = 2147483647;
			files = (
				1D60589F0D05DD5A006BFB54 /* Foundation.framework in Frameworks */,
				1DF5F4E00D08C38300B7A737 /* UIKit.framework in Frameworks */,
				2892E4100DC94CBA00A64D0F /* CoreGraphics.framework in Frameworks */,
			);
			runOnlyForDeploymentPostprocessing = 0;
		};
/* End PBXFrameworksBuildPhase section */

/* Begin PBXGroup section */
		080E96DDFE201D6D7F000001 /* Classes */ = {
			isa = PBXGroup;
			children = (
				28C286DF0D94DF7D0034E888 /* DirectoryViewController.h */,
				28C286E00D94DF7D0034E888 /* DirectoryViewController.m */,
				1D3623240D0F684500981E51 /* FilesystemExplorerAppDelegate.h */,
				1D3623250D0F684500981E51 /* FilesystemExplorerAppDelegate.m */,
				86307E7B0FA2869000617530 /* FileOverviewViewController.h */,
				86307E7C0FA2869000617530 /* FileOverviewViewController.m */,
				86307E820FA28C0600617530 /* FileContentsViewController.h */,
				86307E830FA28C0600617530 /* FileContentsViewController.m */,
				86307FC70FA29C5E00617530 /* CreateDirectoryViewController.h */,
				86307FC80FA29C5E00617530 /* CreateDirectoryViewController.m */,
			);
			path = Classes;
			sourceTree = "<group>";
		};
		19C28FACFE9D520D11CA2CBB /* Products */ = {
			isa = PBXGroup;
			children = (
				1D6058910D05DD3D006BFB54 /* FilesystemExplorer.app */,
			);
			name = Products;
			sourceTree = "<group>";
		};
		29B97314FDCFA39411CA2CEA /* CustomTemplate */ = {
			isa = PBXGroup;
			children = (
				080E96DDFE201D6D7F000001 /* Classes */,
				29B97315FDCFA39411CA2CEA /* Other Sources */,
				29B97317FDCFA39411CA2CEA /* Resources */,
				29B97323FDCFA39411CA2CEA /* Frameworks */,
				19C28FACFE9D520D11CA2CBB /* Products */,
			);
			name = CustomTemplate;
			sourceTree = "<group>";
		};
		29B97315FDCFA39411CA2CEA /* Other Sources */ = {
			isa = PBXGroup;
			children = (
				28A0AAE50D9B0CCF005BE974 /* FilesystemExplorer_Prefix.pch */,
				29B97316FDCFA39411CA2CEA /* main.m */,
				86307E770FA2837700617530 /* FileUtils.h */,
				86307E780FA2837700617530 /* FileUtils.m */,
				86D88B120FA35D6100490CE7 /* UIUtils.h */,
				86D88B130FA35D6100490CE7 /* UIUtils.m */,
			);
			name = "Other Sources";
			sourceTree = "<group>";
		};
		29B97317FDCFA39411CA2CEA /* Resources */ = {
			isa = PBXGroup;
			children = (
				2899E55F0DE3E45000AC0155 /* DirectoryViewController.xib */,
				28AD735F0D9D9599002E5188 /* MainWindow.xib */,
				8D1107310486CEB800E47090 /* Info.plist */,
				86307E7E0FA2884900617530 /* FileOverviewView.xib */,
				86307E870FA28CDA00617530 /* FileContentsView.xib */,
				86D88A270FA353AF00490CE7 /* CreateDirectoryView.xib */,
			);
			name = Resources;
			sourceTree = "<group>";
		};
		29B97323FDCFA39411CA2CEA /* Frameworks */ = {
			isa = PBXGroup;
			children = (
				1DF5F4DF0D08C38300B7A737 /* UIKit.framework */,
				1D30AB110D05D00D00671497 /* Foundation.framework */,
				2892E40F0DC94CBA00A64D0F /* CoreGraphics.framework */,
			);
			name = Frameworks;
			sourceTree = "<group>";
		};
/* End PBXGroup section */

/* Begin PBXNativeTarget section */
		1D6058900D05DD3D006BFB54 /* FilesystemExplorer */ = {
			isa = PBXNativeTarget;
			buildConfigurationList = 1D6058960D05DD3E006BFB54 /* Build configuration list for PBXNativeTarget "FilesystemExplorer" */;
			buildPhases = (
				1D60588D0D05DD3D006BFB54 /* Resources */,
				1D60588E0D05DD3D006BFB54 /* Sources */,
				1D60588F0D05DD3D006BFB54 /* Frameworks */,
			);
			buildRules = (
			);
			dependencies = (
			);
			name = FilesystemExplorer;
			productName = FilesystemExplorer;
			productReference = 1D6058910D05DD3D006BFB54 /* FilesystemExplorer.app */;
			productType = "com.apple.product-type.application";
		};
/* End PBXNativeTarget section */

/* Begin PBXProject section */
		29B97313FDCFA39411CA2CEA /* Project object */ = {
			isa = PBXProject;
			buildConfigurationList = C01FCF4E08A954540054247B /* Build configuration list for PBXProject "FilesystemExplorer" */;
			compatibilityVersion = "Xcode 3.1";
			hasScannedForEncodings = 1;
			knownRegions = (
				English,
				Japanese,
				French,
				German,
				en,
			);
			mainGroup = 29B97314FDCFA39411CA2CEA /* CustomTemplate */;
			projectDirPath = "";
			projectRoot = "";
			targets = (
				1D6058900D05DD3D006BFB54 /* FilesystemExplorer */,
			);
		};
/* End PBXProject section */

/* Begin PBXResourcesBuildPhase section */
		1D60588D0D05DD3D006BFB54 /* Resources */ = {
			isa = PBXResourcesBuildPhase;
			buildActionMask = 2147483647;
			files = (
				28AD73600D9D9599002E5188 /* MainWindow.xib in Resources */,
				2899E5600DE3E45000AC0155 /* DirectoryViewController.xib in Resources */,
				86307E7F0FA2884900617530 /* FileOverviewView.xib in Resources */,
				86307E880FA28CDA00617530 /* FileContentsView.xib in Resources */,
				86D88A280FA353AF00490CE7 /* CreateDirectoryView.xib in Resources */,
			);
			runOnlyForDeploymentPostprocessing = 0;
		};
/* End PBXResourcesBuildPhase section */

/* Begin PBXSourcesBuildPhase section */
		1D60588E0D05DD3D006BFB54 /* Sources */ = {
			isa = PBXSourcesBuildPhase;
			buildActionMask = 2147483647;
			files = (
				1D60589B0D05DD56006BFB54 /* main.m in Sources */,
				1D3623260D0F684500981E51 /* FilesystemExplorerAppDelegate.m in Sources */,
				28C286E10D94DF7D0034E888 /* DirectoryViewController.m in Sources */,
				86307E790FA2837700617530 /* FileUtils.m in Sources */,
				86307E7D0FA2869000617530 /* FileOverviewViewController.m in Sources */,
				86307E840FA28C0600617530 /* FileContentsViewController.m in Sources */,
				86307FC90FA29C5E00617530 /* CreateDirectoryViewController.m in Sources */,
				86D88B140FA35D6100490CE7 /* UIUtils.m in Sources */,
			);
			runOnlyForDeploymentPostprocessing = 0;
		};
/* End PBXSourcesBuildPhase section */

/* Begin XCBuildConfiguration section */
		1D6058940D05DD3E006BFB54 /* Debug */ = {
			isa = XCBuildConfiguration;
			buildSettings = {
				ALWAYS_SEARCH_USER_PATHS = NO;
				COPY_PHASE_STRIP = NO;
				GCC_DYNAMIC_NO_PIC = NO;
				GCC_OPTIMIZATION_LEVEL = 0;
				GCC_PRECOMPILE_PREFIX_HEADER = YES;
				GCC_PREFIX_HEADER = FilesystemExplorer_Prefix.pch;
				INFOPLIST_FILE = Info.plist;
				PRODUCT_NAME = FilesystemExplorer;
			};
			name = Debug;
		};
		1D6058950D05DD3E006BFB54 /* Release */ = {
			isa = XCBuildConfiguration;
			buildSettings = {
				ALWAYS_SEARCH_USER_PATHS = NO;
				COPY_PHASE_STRIP = YES;
				GCC_PRECOMPILE_PREFIX_HEADER = YES;
				GCC_PREFIX_HEADER = FilesystemExplorer_Prefix.pch;
				INFOPLIST_FILE = Info.plist;
				PRODUCT_NAME = FilesystemExplorer;
			};
			name = Release;
		};
		C01FCF4F08A954540054247B /* Debug */ = {
			isa = XCBuildConfiguration;
			buildSettings = {
				ARCHS = "$(ARCHS_STANDARD_32_BIT)";
				"CODE_SIGN_IDENTITY[sdk=iphoneos*]" = "iPhone Developer";
				GCC_C_LANGUAGE_STANDARD = c99;
				GCC_WARN_ABOUT_RETURN_TYPE = YES;
				GCC_WARN_UNUSED_VARIABLE = YES;
				ONLY_ACTIVE_ARCH = YES;
				PREBINDING = NO;
				SDKROOT = iphoneos2.2.1;
			};
			name = Debug;
		};
		C01FCF5008A954540054247B /* Release */ = {
			isa = XCBuildConfiguration;
			buildSettings = {
				ARCHS = "$(ARCHS_STANDARD_32_BIT)";
				"CODE_SIGN_IDENTITY[sdk=iphoneos*]" = "iPhone Developer";
				GCC_C_LANGUAGE_STANDARD = c99;
				GCC_WARN_ABOUT_RETURN_TYPE = YES;
				GCC_WARN_UNUSED_VARIABLE = YES;
				PREBINDING = NO;
				SDKROOT = iphoneos2.2.1;
			};
			name = Release;
		};
/* End XCBuildConfiguration section */

/* Begin XCConfigurationList section */
		1D6058960D05DD3E006BFB54 /* Build configuration list for PBXNativeTarget "FilesystemExplorer" */ = {
			isa = XCConfigurationList;
			buildConfigurations = (
				1D6058940D05DD3E006BFB54 /* Debug */,
				1D6058950D05DD3E006BFB54 /* Release */,
			);
			defaultConfigurationIsVisible = 0;
			defaultConfigurationName = Release;
		};
		C01FCF4E08A954540054247B /* Build configuration list for PBXProject "FilesystemExplorer" */ = {
			isa = XCConfigurationList;
			buildConfigurations = (
				C01FCF4F08A954540054247B /* Debug */,
				C01FCF5008A954540054247B /* Release */,
			);
			defaultConfigurationIsVisible = 0;
			defaultConfigurationName = Release;
		};
/* End XCConfigurationList section */
	};
	rootObject = 29B97313FDCFA39411CA2CEA /* Project object */;
}
